
Microsoft Visual Studio Solution File, Format Version 12.00
# Visual Studio Version 16
VisualStudioVersion = 16.0.30413.136
MinimumVisualStudioVersion = 10.0.40219.1
Project("{F184B08F-C81C-45F6-A57F-5ABD9991F28F}") = "Vectores", "Vectores.vbproj", "{15F27C8A-5F34-40E8-A3B2-7450437FAB26}"
EndProject
Project("{F184B08F-C81C-45F6-A57F-5ABD9991F28F}") = "PracticandoAgilidad", "..\..\Numeros Enteros\PracticandoAgilidad\PracticandoAgilidad\PracticandoAgilidad.vbproj", "{72545935-F8D4-4976-A302-CF2EE0492AF4}"
EndProject
Global
	GlobalSection(SolutionConfigurationPlatforms) = preSolution
		Debug|Any CPU = Debug|Any CPU
		Release|Any CPU = Release|Any CPU
	EndGlobalSection
	GlobalSection(ProjectConfigurationPlatforms) = postSolution
		{15F27C8A-5F34-40E8-A3B2-7450437FAB26}.Debug|Any CPU.ActiveCfg = Debug|Any CPU
		{15F27C8A-5F34-40E8-A3B2-7450437FAB26}.Debug|Any CPU.Build.0 = Debug|Any CPU
		{15F27C8A-5F34-40E8-A3B2-7450437FAB26}.Release|Any CPU.ActiveCfg = Release|Any CPU
		{15F27C8A-5F34-40E8-A3B2-7450437FAB26}.Release|Any CPU.Build.0 = Release|Any CPU
		{72545935-F8D4-4976-A302-CF2EE0492AF4}.Debug|Any CPU.ActiveCfg = Debug|Any CPU
		{72545935-F8D4-4976-A302-CF2EE0492AF4}.Debug|Any CPU.Build.0 = Debug|Any CPU
		{72545935-F8D4-4976-A302-CF2EE0492AF4}.Release|Any CPU.ActiveCfg = Release|Any CPU
		{72545935-F8D4-4976-A302-CF2EE0492AF4}.Release|Any CPU.Build.0 = Release|Any CPU
	EndGlobalSection
	GlobalSection(SolutionProperties) = preSolution
		HideSolutionNode = FALSE
	EndGlobalSection
	GlobalSection(ExtensibilityGlobals) = postSolution
		SolutionGuid = {5ABAA858-DDCD-4273-A11E-1D36E6ECEAB2}
	EndGlobalSection
EndGlobal
